{
    "_readme": [
        "This file locks the dependencies of your project to a known state",
        "Read more about it at https://getcomposer.org/doc/01-basic-usage.md#installing-dependencies",
        "This file is @generated automatically"
    ],
    "content-hash": "0d2cdb3fe5ec7fb98beec977473b23de",
    "packages": [
        {
            "name": "ezyang/htmlpurifier",
            "version": "v4.11.0",
            "source": {
                "type": "git",
                "url": "https://github.com/ezyang/htmlpurifier.git",
                "reference": "83ab08bc1af7d808a9e0fbf024f1c24bfd73c0a7"
            },
            "dist": {
                "type": "zip",
                "url": "https://api.github.com/repos/ezyang/htmlpurifier/zipball/83ab08bc1af7d808a9e0fbf024f1c24bfd73c0a7",
                "reference": "83ab08bc1af7d808a9e0fbf024f1c24bfd73c0a7",
                "shasum": ""
            },
            "require": {
                "php": ">=5.2"
            },
            "require-dev": {
                "simpletest/simpletest": "dev-master#72de02a7b80c6bb8864ef9bf66d41d2f58f826bd"
            },
            "type": "library",
            "autoload": {
                "psr-0": {
                    "HTMLPurifier": "library/"
                },
                "files": [
                    "library/HTMLPurifier.composer.php"
                ]
            },
            "notification-url": "https://packagist.org/downloads/",
            "license": [
                "LGPL-2.1-or-later"
            ],
            "authors": [
                {
                    "name": "Edward Z. Yang",
                    "email": "admin@htmlpurifier.org",
                    "homepage": "http://ezyang.com"
                }
            ],
            "description": "Standards compliant HTML filter written in PHP",
            "homepage": "http://htmlpurifier.org/",
            "keywords": [
                "html"
            ],
            "time": "2019-07-14T18:58:38+00:00"
        },
        {
            "name": "fishingboy/codeigniter-seeder",
            "version": "1.0.0",
            "source": {
                "type": "git",
                "url": "https://github.com/fishingboy/Codeigniter-Seeder.git",
                "reference": "48896efa8f551b1813c8471780e02da5b1903840"
            },
            "dist": {
                "type": "zip",
                "url": "https://api.github.com/repos/fishingboy/Codeigniter-Seeder/zipball/48896efa8f551b1813c8471780e02da5b1903840",
                "reference": "48896efa8f551b1813c8471780e02da5b1903840",
                "shasum": ""
            },
            "type": "library",
            "autoload": {
                "psr-4": {
                    "fishingboy\\ci_seeder\\": "/src"
                }
            },
            "notification-url": "https://packagist.org/downloads/",
            "authors": [
                {
                    "name": "fishingboy",
                    "email": "et282523@hotmail.com"
                }
            ],
            "description": "Codeigniter Seeder",
            "time": "2019-08-25T06:59:31+00:00"
        },
        {
            "name": "fishingboy/external_sort",
            "version": "dev-master",
            "source": {
                "type": "git",
                "url": "https://github.com/fishingboy/ExternalSort.git",
                "reference": "94a9e8bc08c1192cc929c240cb6f2762c66653a5"
            },
            "dist": {
                "type": "zip",
                "url": "https://api.github.com/repos/fishingboy/ExternalSort/zipball/94a9e8bc08c1192cc929c240cb6f2762c66653a5",
                "reference": "94a9e8bc08c1192cc929c240cb6f2762c66653a5",
                "shasum": ""
            },
            "require": {
                "php": ">=5.2.0"
            },
            "type": "library",
            "autoload": {
                "psr-4": {
                    "fishingboy\\external_sort\\": ""
                }
            },
            "notification-url": "https://packagist.org/downloads/",
            "authors": [
                {
                    "name": "fishingboy",
                    "email": "et282523@hotmail.com"
                }
            ],
            "description": "external sort PHP library",
            "time": "2017-04-08T05:32:53+00:00"
        },
        {
            "name": "php-curl-class/php-curl-class",
            "version": "7.4.0",
            "source": {
                "type": "git",
                "url": "https://github.com/php-curl-class/php-curl-class.git",
                "reference": "c15f23ce5d52a4c68b69640ed6510a9d2a98ec6f"
            },
            "dist": {
                "type": "zip",
                "url": "https://api.github.com/repos/php-curl-class/php-curl-class/zipball/c15f23ce5d52a4c68b69640ed6510a9d2a98ec6f",
                "reference": "c15f23ce5d52a4c68b69640ed6510a9d2a98ec6f",
                "shasum": ""
            },
            "require": {
                "ext-curl": "*",
                "php": ">=5.3"
            },
            "require-dev": {
                "phpunit/phpunit": "*",
                "squizlabs/php_codesniffer": "*"
            },
            "type": "library",
            "autoload": {
                "psr-4": {
                    "Curl\\": "src/Curl/"
                }
            },
            "notification-url": "https://packagist.org/downloads/",
            "license": [
                "Unlicense"
            ],
            "authors": [
                {
                    "name": "Zach Borboa"
                }
            ],
            "description": "PHP Curl Class makes it easy to send HTTP requests and integrate with web APIs.",
            "homepage": "https://github.com/php-curl-class/php-curl-class",
            "keywords": [
                "api",
                "class",
                "client",
                "curl",
                "framework",
                "http",
                "http client",
                "json",
                "php",
                "requests",
                "rest",
                "restful",
                "web service",
                "xml"
            ],
            "time": "2017-09-04T21:38:09+00:00"
        }
    ],
    "packages-dev": [],
    "aliases": [],
    "minimum-stability": "stable",
    "stability-flags": {
        "fishingboy/external_sort": 20
    },
    "prefer-stable": false,
    "prefer-lowest": false,
    "platform": {
        "php": ">=7.1"
    },
    "platform-dev": []
}
